# THIS IS AN AUTOGENERATED FILE. DO NOT EDIT THIS FILE DIRECTLY.
# yarn lockfile v1


fsevents@2.3.2:
  version "2.3.2"
  resolved "https://registry.yarnpkg.com/fsevents/-/fsevents-2.3.2.tgz#8a526f78b8fdf4623b709e0b975c52c24c02fd1a"
  integrity sha512-xiqMQR4xAeHTuB9uWm+fFRcIOgKBMiOBP+eXiyT7jsgVCq1bkVygt00oASowB7EdtpOHaaPgKt812P9ab+DDKA==

playwright-core@1.47.1:
  version "1.47.1"
  resolved "https://registry.yarnpkg.com/playwright-core/-/playwright-core-1.47.1.tgz#bb45bdfb0d48412c535501aa3805867282857df8"
  integrity sha512-i1iyJdLftqtt51mEk6AhYFaAJCDx0xQ/O5NU8EKaWFgMjItPVma542Nh/Aq8aLCjIJSzjaiEQGW/nyqLkGF1OQ==

playwright@1.47.1:
  version "1.47.1"
  resolved "https://registry.yarnpkg.com/playwright/-/playwright-1.47.1.tgz#cdc1116f5265b8d2ff7be0d8942d49900634dc6c"
  integrity sha512-SUEKi6947IqYbKxRiqnbUobVZY4bF1uu+ZnZNJX9DfU1tlf2UhWfvVjLf01pQx9URsOr18bFVUKXmanYWhbfkw==
  dependencies:
    playwright-core "1.47.1"
  optionalDependencies:
    fsevents "2.3.2"
